
Microsoft Visual Studio Solution File, Format Version 12.00
# Visual Studio Version 17
VisualStudioVersion = 17.0.31903.59
MinimumVisualStudioVersion = 10.0.40219.1
Project("{FAE04EC0-301F-11D3-BF4B-00C04F79EFBC}") = "ChatSystem.Core", "ChatSystem.Core\ChatSystem.Core.csproj", "{0E48585B-4527-47B9-AC04-1F4536671804}"
EndProject
Project("{FAE04EC0-301F-11D3-BF4B-00C04F79EFBC}") = "ChatSystem.Mocks", "ChatSystem.Mocks\ChatSystem.Mocks.csproj", "{36C6E82F-CCA4-40DE-A5CD-C14CB7F74D06}"
EndProject
Project("{FAE04EC0-301F-11D3-BF4B-00C04F79EFBC}") = "ChatSystem.Tests", "ChatSystem.Tests\ChatSystem.Tests.csproj", "{ECE7256D-ECD2-41AA-9E7C-AE5D76C70231}"
EndProject
Global
	GlobalSection(SolutionConfigurationPlatforms) = preSolution
		Debug|Any CPU = Debug|Any CPU
		Debug|x64 = Debug|x64
		Debug|x86 = Debug|x86
		Release|Any CPU = Release|Any CPU
		Release|x64 = Release|x64
		Release|x86 = Release|x86
	EndGlobalSection
	GlobalSection(ProjectConfigurationPlatforms) = postSolution
		{0E48585B-4527-47B9-AC04-1F4536671804}.Debug|Any CPU.ActiveCfg = Debug|Any CPU
		{0E48585B-4527-47B9-AC04-1F4536671804}.Debug|Any CPU.Build.0 = Debug|Any CPU
		{0E48585B-4527-47B9-AC04-1F4536671804}.Debug|x64.ActiveCfg = Debug|Any CPU
		{0E48585B-4527-47B9-AC04-1F4536671804}.Debug|x64.Build.0 = Debug|Any CPU
		{0E48585B-4527-47B9-AC04-1F4536671804}.Debug|x86.ActiveCfg = Debug|Any CPU
		{0E48585B-4527-47B9-AC04-1F4536671804}.Debug|x86.Build.0 = Debug|Any CPU
		{0E48585B-4527-47B9-AC04-1F4536671804}.Release|Any CPU.ActiveCfg = Release|Any CPU
		{0E48585B-4527-47B9-AC04-1F4536671804}.Release|Any CPU.Build.0 = Release|Any CPU
		{0E48585B-4527-47B9-AC04-1F4536671804}.Release|x64.ActiveCfg = Release|Any CPU
		{0E48585B-4527-47B9-AC04-1F4536671804}.Release|x64.Build.0 = Release|Any CPU
		{0E48585B-4527-47B9-AC04-1F4536671804}.Release|x86.ActiveCfg = Release|Any CPU
		{0E48585B-4527-47B9-AC04-1F4536671804}.Release|x86.Build.0 = Release|Any CPU
		{36C6E82F-CCA4-40DE-A5CD-C14CB7F74D06}.Debug|Any CPU.ActiveCfg = Debug|Any CPU
		{36C6E82F-CCA4-40DE-A5CD-C14CB7F74D06}.Debug|Any CPU.Build.0 = Debug|Any CPU
		{36C6E82F-CCA4-40DE-A5CD-C14CB7F74D06}.Debug|x64.ActiveCfg = Debug|Any CPU
		{36C6E82F-CCA4-40DE-A5CD-C14CB7F74D06}.Debug|x64.Build.0 = Debug|Any CPU
		{36C6E82F-CCA4-40DE-A5CD-C14CB7F74D06}.Debug|x86.ActiveCfg = Debug|Any CPU
		{36C6E82F-CCA4-40DE-A5CD-C14CB7F74D06}.Debug|x86.Build.0 = Debug|Any CPU
		{36C6E82F-CCA4-40DE-A5CD-C14CB7F74D06}.Release|Any CPU.ActiveCfg = Release|Any CPU
		{36C6E82F-CCA4-40DE-A5CD-C14CB7F74D06}.Release|Any CPU.Build.0 = Release|Any CPU
		{36C6E82F-CCA4-40DE-A5CD-C14CB7F74D06}.Release|x64.ActiveCfg = Release|Any CPU
		{36C6E82F-CCA4-40DE-A5CD-C14CB7F74D06}.Release|x64.Build.0 = Release|Any CPU
		{36C6E82F-CCA4-40DE-A5CD-C14CB7F74D06}.Release|x86.ActiveCfg = Release|Any CPU
		{36C6E82F-CCA4-40DE-A5CD-C14CB7F74D06}.Release|x86.Build.0 = Release|Any CPU
		{ECE7256D-ECD2-41AA-9E7C-AE5D76C70231}.Debug|Any CPU.ActiveCfg = Debug|Any CPU
		{ECE7256D-ECD2-41AA-9E7C-AE5D76C70231}.Debug|Any CPU.Build.0 = Debug|Any CPU
		{ECE7256D-ECD2-41AA-9E7C-AE5D76C70231}.Debug|x64.ActiveCfg = Debug|Any CPU
		{ECE7256D-ECD2-41AA-9E7C-AE5D76C70231}.Debug|x64.Build.0 = Debug|Any CPU
		{ECE7256D-ECD2-41AA-9E7C-AE5D76C70231}.Debug|x86.ActiveCfg = Debug|Any CPU
		{ECE7256D-ECD2-41AA-9E7C-AE5D76C70231}.Debug|x86.Build.0 = Debug|Any CPU
		{ECE7256D-ECD2-41AA-9E7C-AE5D76C70231}.Release|Any CPU.ActiveCfg = Release|Any CPU
		{ECE7256D-ECD2-41AA-9E7C-AE5D76C70231}.Release|Any CPU.Build.0 = Release|Any CPU
		{ECE7256D-ECD2-41AA-9E7C-AE5D76C70231}.Release|x64.ActiveCfg = Release|Any CPU
		{ECE7256D-ECD2-41AA-9E7C-AE5D76C70231}.Release|x64.Build.0 = Release|Any CPU
		{ECE7256D-ECD2-41AA-9E7C-AE5D76C70231}.Release|x86.ActiveCfg = Release|Any CPU
		{ECE7256D-ECD2-41AA-9E7C-AE5D76C70231}.Release|x86.Build.0 = Release|Any CPU
	EndGlobalSection
	GlobalSection(SolutionProperties) = preSolution
		HideSolutionNode = FALSE
	EndGlobalSection
EndGlobal
